{
  "name": "link-dispenser",
  "version": "1.0.0",
  "lockfileVersion": 3,
  "requires": true,
  "packages": {
    "": {
      "name": "link-dispenser",
      "version": "1.0.0",
      "hasInstallScript": true,
      "license": "ISC",
      "dependencies": {
        "vuejs-smart-table": "^1.0.0-beta.6"
      }
    },
    "node_modules/vue": {
      "version": "2.6.14",
      "resolved": "https://registry.npmjs.org/vue/-/vue-2.6.14.tgz",
      "integrity": "sha512-x2284lgYvjOMj3Za7kqzRcUSxBboHqtgRE2zlos1qWaOye5yUmHn42LB1250NJBLRwEcdrB0JRwyPTEPhfQjiQ==",
      "deprecated": "Vue 2 has reached EOL and is no longer actively maintained. See https://v2.vuejs.org/eol/ for more details.",
      "peer": true
    },
    "node_modules/vue-demi": {
      "version": "0.7.5",
      "resolved": "https://registry.npmjs.org/vue-demi/-/vue-demi-0.7.5.tgz",
      "integrity": "sha512-eFSQSvbQdY7C9ujOzvM6tn7XxwLjn0VQDXQsiYBLBwf28Na+2nTQR4BBBcomhmdP6mmHlBKAwarq6a0BPG87hQ==",
      "hasInstallScript": true,
      "bin": {
        "vue-demi-fix": "bin/vue-demi-fix.js",
        "vue-demi-switch": "bin/vue-demi-switch.js"
      },
      "funding": {
        "url": "https://github.com/sponsors/antfu"
      },
      "peerDependencies": {
        "@vue/composition-api": "^1.0.0-beta.1",
        "vue": "^2.6.0 || >=3.0.0-rc.1"
      },
      "peerDependenciesMeta": {
        "@vue/composition-api": {
          "optional": true
        }
      }
    },
    "node_modules/vuejs-smart-table": {
      "version": "1.0.0-beta.6",
      "resolved": "https://registry.npmjs.org/vuejs-smart-table/-/vuejs-smart-table-1.0.0-beta.6.tgz",
      "integrity": "sha512-pGd5tAYkNQQpZ5v9wiyiPg8DcQuTId7PGZWmpK1V2w1CSVWwPnbkn3oVBv4k2ctCopC9iwj1Pck1LCAKIJrCYw==",
      "dependencies": {
        "vue-demi": "^0.7.4"
      },
      "peerDependencies": {
        "@vue/composition-api": "^1.0.0-beta.1",
        "vue": "^2.0.0 || >=3.0.0-rc.0"
      },
      "peerDependenciesMeta": {
        "@vue/composition-api": {
          "optional": true
        }
      }
    }
  }
}
